// !$*UTF8*$!
{
	archiveVersion = 1;
	classes = {
	};
	objectVersion = 46;
	objects = {

/* Begin PBXBuildFile section */
		866DC56F1D00974E00E17D4F /* AppDelegate.swift in Sources */ = {isa = PBXBuildFile; fileRef = 866DC56E1D00974E00E17D4F /* AppDelegate.swift */; };
		866DC5711D00974E00E17D4F /* ViewController.swift in Sources */ = {isa = PBXBuildFile; fileRef = 866DC5701D00974E00E17D4F /* ViewController.swift */; };
		866DC5741D00974E00E17D4F /* Main.storyboard in Resources */ = {isa = PBXBuildFile; fileRef = 866DC5721D00974E00E17D4F /* Main.storyboard */; };
		866DC5761D00974E00E17D4F /* Assets.xcassets in Resources */ = {isa = PBXBuildFile; fileRef = 866DC5751D00974E00E17D4F /* Assets.xcassets */; };
		866DC5791D00974E00E17D4F /* LaunchScreen.storyboard in Resources */ = {isa = PBXBuildFile; fileRef = 866DC5771D00974E00E17D4F /* LaunchScreen.storyboard */; };
/* End PBXBuildFile section */

/* Begin PBXFileReference section */
		866DC56B1D00974900E17D4F /* ActionsnOutlets.app */ = {isa = PBXFileReference; explicitFileType = wrapper.application; includeInIndex = 0; path = ActionsnOutlets.app; sourceTree = BUILT_PRODUCTS_DIR; };
		866DC56E1D00974E00E17D4F /* AppDelegate.swift */ = {isa = PBXFileReference; lastKnownFileType = sourcecode.swift; path = AppDelegate.swift; sourceTree = "<group>"; };
		866DC5701D00974E00E17D4F /* ViewController.swift */ = {isa = PBXFileReference; lastKnownFileType = sourcecode.swift; path = ViewController.swift; sourceTree = "<group>"; };
		866DC5731D00974E00E17D4F /* Base */ = {isa = PBXFileReference; lastKnownFileType = file.storyboard; name = Base; path = Base.lproj/Main.storyboard; sourceTree = "<group>"; };
		866DC5751D00974E00E17D4F /* Assets.xcassets */ = {isa = PBXFileReference; lastKnownFileType = folder.assetcatalog; path = Assets.xcassets; sourceTree = "<group>"; };
		866DC5781D00974E00E17D4F /* Base */ = {isa = PBXFileReference; lastKnownFileType = file.storyboard; name = Base; path = Base.lproj/LaunchScreen.storyboard; sourceTree = "<group>"; };
		866DC57A1D00974E00E17D4F /* Info.plist */ = {isa = PBXFileReference; lastKnownFileType = text.plist.xml; path = Info.plist; sourceTree = "<group>"; };
/* End PBXFileReference section */

/* Begin PBXFrameworksBuildPhase section */
		866DC5681D00974900E17D4F /* Frameworks */ = {
			isa = PBXFrameworksBuildPhase;
			buildActionMask = 2147483647;
			files = (
			);
			runOnlyForDeploymentPostprocessing = 0;
		};
/* End PBXFrameworksBuildPhase section */

/* Begin PBXGroup section */
		866DC5621D00974900E17D4F = {
			isa = PBXGroup;
			children = (
				866DC56D1D00974E00E17D4F /* ActionsnOutlets */,
				866DC56C1D00974900E17D4F /* Products */,
			);
			sourceTree = "<group>";
		};
		866DC56C1D00974900E17D4F /* Products */ = {
			isa = PBXGroup;
			children = (
				866DC56B1D00974900E17D4F /* ActionsnOutlets.app */,
			);
			name = Products;
			sourceTree = "<group>";
		};
		866DC56D1D00974E00E17D4F /* ActionsnOutlets */ = {
			isa = PBXGroup;
			children = (
				866DC56E1D00974E00E17D4F /* AppDelegate.swift */,
				866DC5701D00974E00E17D4F /* ViewController.swift */,
				866DC5721D00974E00E17D4F /* Main.storyboard */,
				866DC5751D00974E00E17D4F /* Assets.xcassets */,
				866DC5771D00974E00E17D4F /* LaunchScreen.storyboard */,
				866DC57A1D00974E00E17D4F /* Info.plist */,
			);
			path = ActionsnOutlets;
			sourceTree = "<group>";
		};
/* End PBXGroup section */

/* Begin PBXNativeTarget section */
		866DC56A1D00974900E17D4F /* ActionsnOutlets */ = {
			isa = PBXNativeTarget;
			buildConfigurationList = 866DC57D1D00974E00E17D4F /* Build configuration list for PBXNativeTarget "ActionsnOutlets" */;
			buildPhases = (
				866DC5671D00974900E17D4F /* Sources */,
				866DC5681D00974900E17D4F /* Frameworks */,
				866DC5691D00974900E17D4F /* Resources */,
			);
			buildRules = (
			);
			dependencies = (
			);
			name = ActionsnOutlets;
			productName = ActionsnOutlets;
			productReference = 866DC56B1D00974900E17D4F /* ActionsnOutlets.app */;
			productType = "com.apple.product-type.application";
		};
/* End PBXNativeTarget section */

/* Begin PBXProject section */
		866DC5631D00974900E17D4F /* Project object */ = {
			isa = PBXProject;
			attributes = {
				LastSwiftUpdateCheck = 0730;
				LastUpgradeCheck = 0730;
				ORGANIZATIONNAME = "Gloria Adams";
				TargetAttributes = {
					866DC56A1D00974900E17D4F = {
						CreatedOnToolsVersion = 7.3.1;
					};
				};
			};
			buildConfigurationList = 866DC5661D00974900E17D4F /* Build configuration list for PBXProject "ActionsnOutlets" */;
			compatibilityVersion = "Xcode 3.2";
			developmentRegion = English;
			hasScannedForEncodings = 0;
			knownRegions = (
				en,
				Base,
			);
			mainGroup = 866DC5621D00974900E17D4F;
			productRefGroup = 866DC56C1D00974900E17D4F /* Products */;
			projectDirPath = "";
			projectRoot = "";
			targets = (
				866DC56A1D00974900E17D4F /* ActionsnOutlets */,
			);
		};
/* End PBXProject section */

/* Begin PBXResourcesBuildPhase section */
		866DC5691D00974900E17D4F /* Resources */ = {
			isa = PBXResourcesBuildPhase;
			buildActionMask = 2147483647;
			files = (
				866DC5791D00974E00E17D4F /* LaunchScreen.storyboard in Resources */,
				866DC5761D00974E00E17D4F /* Assets.xcassets in Resources */,
				866DC5741D00974E00E17D4F /* Main.storyboard in Resources */,
			);
			runOnlyForDeploymentPostprocessing = 0;
		};
/* End PBXResourcesBuildPhase section */

/* Begin PBXSourcesBuildPhase section */
		866DC5671D00974900E17D4F /* Sources */ = {
			isa = PBXSourcesBuildPhase;
			buildActionMask = 2147483647;
			files = (
				866DC5711D00974E00E17D4F /* ViewController.swift in Sources */,
				866DC56F1D00974E00E17D4F /* AppDelegate.swift in Sources */,
			);
			runOnlyForDeploymentPostprocessing = 0;
		};
/* End PBXSourcesBuildPhase section */

/* Begin PBXVariantGroup section */
		866DC5721D00974E00E17D4F /* Main.storyboard */ = {
			isa = PBXVariantGroup;
			children = (
				866DC5731D00974E00E17D4F /* Base */,
			);
			name = Main.storyboard;
			sourceTree = "<group>";
		};
		866DC5771D00974E00E17D4F /* LaunchScreen.storyboard */ = {
			isa = PBXVariantGroup;
			children = (
				866DC5781D00974E00E17D4F /* Base */,
			);
			name = LaunchScreen.storyboard;
			sourceTree = "<group>";
		};
/* End PBXVariantGroup section */

/* Begin XCBuildConfiguration section */
		866DC57B1D00974E00E17D4F /* Debug */ = {
			isa = XCBuildConfiguration;
			buildSettings = {
				ALWAYS_SEARCH_USER_PATHS = NO;
				CLANG_ANALYZER_NONNULL = YES;
				CLANG_CXX_LANGUAGE_STANDARD = "gnu++0x";
				CLANG_CXX_LIBRARY = "libc++";
				CLANG_ENABLE_MODULES = YES;
				CLANG_ENABLE_OBJC_ARC = YES;
				CLANG_WARN_BOOL_CONVERSION = YES;
				CLANG_WARN_CONSTANT_CONVERSION = YES;
				CLANG_WARN_DIRECT_OBJC_ISA_USAGE = YES_ERROR;
				CLANG_WARN_EMPTY_BODY = YES;
				CLANG_WARN_ENUM_CONVERSION = YES;
				CLANG_WARN_INT_CONVERSION = YES;
				CLANG_WARN_OBJC_ROOT_CLASS = YES_ERROR;
				CLANG_WARN_UNREACHABLE_CODE = YES;
				CLANG_WARN__DUPLICATE_METHOD_MATCH = YES;
				"CODE_SIGN_IDENTITY[sdk=iphoneos*]" = "iPhone Developer";
				COPY_PHASE_STRIP = NO;
				DEBUG_INFORMATION_FORMAT = dwarf;
				ENABLE_STRICT_OBJC_MSGSEND = YES;
				ENABLE_TESTABILITY = YES;
				GCC_C_LANGUAGE_STANDARD = gnu99;
				GCC_DYNAMIC_NO_PIC = NO;
				GCC_NO_COMMON_BLOCKS = YES;
				GCC_OPTIMIZATION_LEVEL = 0;
				GCC_PREPROCESSOR_DEFINITIONS = (
					"DEBUG=1",
					"$(inherited)",
				);
				GCC_WARN_64_TO_32_BIT_CONVERSION = YES;
				GCC_WARN_ABOUT_RETURN_TYPE = YES_ERROR;
				GCC_WARN_UNDECLARED_SELECTOR = YES;
				GCC_WARN_UNINITIALIZED_AUTOS = YES_AGGRESSIVE;
				GCC_WARN_UNUSED_FUNCTION = YES;
				GCC_WARN_UNUSED_VARIABLE = YES;
				IPHONEOS_DEPLOYMENT_TARGET = 9.3;
				MTL_ENABLE_DEBUG_INFO = YES;
				ONLY_ACTIVE_ARCH = YES;
				SDKROOT = iphoneos;
				SWIFT_OPTIMIZATION_LEVEL = "-Onone";
			};
			name = Debug;
		};
		866DC57C1D00974E00E17D4F /* Release */ = {
			isa = XCBuildConfiguration;
			buildSettings = {
				ALWAYS_SEARCH_USER_PATHS = NO;
				CLANG_ANALYZER_NONNULL = YES;
				CLANG_CXX_LANGUAGE_STANDARD = "gnu++0x";
				CLANG_CXX_LIBRARY = "libc++";
				CLANG_ENABLE_MODULES = YES;
				CLANG_ENABLE_OBJC_ARC = YES;
				CLANG_WARN_BOOL_CONVERSION = YES;
				CLANG_WARN_CONSTANT_CONVERSION = YES;
				CLANG_WARN_DIRECT_OBJC_ISA_USAGE = YES_ERROR;
				CLANG_WARN_EMPTY_BODY = YES;
				CLANG_WARN_ENUM_CONVERSION = YES;
				CLANG_WARN_INT_CONVERSION = YES;
				CLANG_WARN_OBJC_ROOT_CLASS = YES_ERROR;
				CLANG_WARN_UNREACHABLE_CODE = YES;
				CLANG_WARN__DUPLICATE_METHOD_MATCH = YES;
				"CODE_SIGN_IDENTITY[sdk=iphoneos*]" = "iPhone Developer";
				COPY_PHASE_STRIP = NO;
				DEBUG_INFORMATION_FORMAT = "dwarf-with-dsym";
				ENABLE_NS_ASSERTIONS = NO;
				ENABLE_STRICT_OBJC_MSGSEND = YES;
				GCC_C_LANGUAGE_STANDARD = gnu99;
				GCC_NO_COMMON_BLOCKS = YES;
				GCC_WARN_64_TO_32_BIT_CONVERSION = YES;
				GCC_WARN_ABOUT_RETURN_TYPE = YES_ERROR;
				GCC_WARN_UNDECLARED_SELECTOR = YES;
				GCC_WARN_UNINITIALIZED_AUTOS = YES_AGGRESSIVE;
				GCC_WARN_UNUSED_FUNCTION = YES;
				GCC_WARN_UNUSED_VARIABLE = YES;
				IPHONEOS_DEPLOYMENT_TARGET = 9.3;
				MTL_ENABLE_DEBUG_INFO = NO;
				SDKROOT = iphoneos;
				VALIDATE_PRODUCT = YES;
			};
			name = Release;
		};
		866DC57E1D00974E00E17D4F /* Debug */ = {
			isa = XCBuildConfiguration;
			buildSettings = {
				ASSETCATALOG_COMPILER_APPICON_NAME = AppIcon;
				INFOPLIST_FILE = ActionsnOutlets/Info.plist;
				LD_RUNPATH_SEARCH_PATHS = "$(inherited) @executable_path/Frameworks";
				PRODUCT_BUNDLE_IDENTIFIER = com.mycompany.ActionsnOutlets;
				PRODUCT_NAME = "$(TARGET_NAME)";
			};
			name = Debug;
		};
		866DC57F1D00974E00E17D4F /* Release */ = {
			isa = XCBuildConfiguration;
			buildSettings = {
				ASSETCATALOG_COMPILER_APPICON_NAME = AppIcon;
				INFOPLIST_FILE = ActionsnOutlets/Info.plist;
				LD_RUNPATH_SEARCH_PATHS = "$(inherited) @executable_path/Frameworks";
				PRODUCT_BUNDLE_IDENTIFIER = com.mycompany.ActionsnOutlets;
				PRODUCT_NAME = "$(TARGET_NAME)";
			};
			name = Release;
		};
/* End XCBuildConfiguration section */

/* Begin XCConfigurationList section */
		866DC5661D00974900E17D4F /* Build configuration list for PBXProject "ActionsnOutlets" */ = {
			isa = XCConfigurationList;
			buildConfigurations = (
				866DC57B1D00974E00E17D4F /* Debug */,
				866DC57C1D00974E00E17D4F /* Release */,
			);
			defaultConfigurationIsVisible = 0;
			defaultConfigurationName = Release;
		};
		866DC57D1D00974E00E17D4F /* Build configuration list for PBXNativeTarget "ActionsnOutlets" */ = {
			isa = XCConfigurationList;
			buildConfigurations = (
				866DC57E1D00974E00E17D4F /* Debug */,
				866DC57F1D00974E00E17D4F /* Release */,
			);
			defaultConfigurationIsVisible = 0;
		};
/* End XCConfigurationList section */
	};
	rootObject = 866DC5631D00974900E17D4F /* Project object */;
}
