// !$*UTF8*$!
{
	archiveVersion = 1;
	classes = {
	};
	objectVersion = 46;
	objects = {

/* Begin PBXBuildFile section */
		865CE1881CF73509005DF63D /* AppDelegate.swift in Sources */ = {isa = PBXBuildFile; fileRef = 865CE1871CF73509005DF63D /* AppDelegate.swift */; };
		865CE18A1CF73509005DF63D /* ViewController.swift in Sources */ = {isa = PBXBuildFile; fileRef = 865CE1891CF73509005DF63D /* ViewController.swift */; };
		865CE18D1CF73509005DF63D /* Main.storyboard in Resources */ = {isa = PBXBuildFile; fileRef = 865CE18B1CF73509005DF63D /* Main.storyboard */; };
		865CE18F1CF73509005DF63D /* Assets.xcassets in Resources */ = {isa = PBXBuildFile; fileRef = 865CE18E1CF73509005DF63D /* Assets.xcassets */; };
		865CE1921CF73509005DF63D /* LaunchScreen.storyboard in Resources */ = {isa = PBXBuildFile; fileRef = 865CE1901CF73509005DF63D /* LaunchScreen.storyboard */; };
/* End PBXBuildFile section */

/* Begin PBXFileReference section */
		865CE1841CF73509005DF63D /* tapper.app */ = {isa = PBXFileReference; explicitFileType = wrapper.application; includeInIndex = 0; path = tapper.app; sourceTree = BUILT_PRODUCTS_DIR; };
		865CE1871CF73509005DF63D /* AppDelegate.swift */ = {isa = PBXFileReference; lastKnownFileType = sourcecode.swift; path = AppDelegate.swift; sourceTree = "<group>"; };
		865CE1891CF73509005DF63D /* ViewController.swift */ = {isa = PBXFileReference; lastKnownFileType = sourcecode.swift; path = ViewController.swift; sourceTree = "<group>"; };
		865CE18C1CF73509005DF63D /* Base */ = {isa = PBXFileReference; lastKnownFileType = file.storyboard; name = Base; path = Base.lproj/Main.storyboard; sourceTree = "<group>"; };
		865CE18E1CF73509005DF63D /* Assets.xcassets */ = {isa = PBXFileReference; lastKnownFileType = folder.assetcatalog; path = Assets.xcassets; sourceTree = "<group>"; };
		865CE1911CF73509005DF63D /* Base */ = {isa = PBXFileReference; lastKnownFileType = file.storyboard; name = Base; path = Base.lproj/LaunchScreen.storyboard; sourceTree = "<group>"; };
		865CE1931CF73509005DF63D /* Info.plist */ = {isa = PBXFileReference; lastKnownFileType = text.plist.xml; path = Info.plist; sourceTree = "<group>"; };
/* End PBXFileReference section */

/* Begin PBXFrameworksBuildPhase section */
		865CE1811CF73509005DF63D /* Frameworks */ = {
			isa = PBXFrameworksBuildPhase;
			buildActionMask = 2147483647;
			files = (
			);
			runOnlyForDeploymentPostprocessing = 0;
		};
/* End PBXFrameworksBuildPhase section */

/* Begin PBXGroup section */
		865CE17B1CF73509005DF63D = {
			isa = PBXGroup;
			children = (
				865CE1861CF73509005DF63D /* tapper */,
				865CE1851CF73509005DF63D /* Products */,
			);
			sourceTree = "<group>";
		};
		865CE1851CF73509005DF63D /* Products */ = {
			isa = PBXGroup;
			children = (
				865CE1841CF73509005DF63D /* tapper.app */,
			);
			name = Products;
			sourceTree = "<group>";
		};
		865CE1861CF73509005DF63D /* tapper */ = {
			isa = PBXGroup;
			children = (
				865CE1871CF73509005DF63D /* AppDelegate.swift */,
				865CE1891CF73509005DF63D /* ViewController.swift */,
				865CE18B1CF73509005DF63D /* Main.storyboard */,
				865CE18E1CF73509005DF63D /* Assets.xcassets */,
				865CE1901CF73509005DF63D /* LaunchScreen.storyboard */,
				865CE1931CF73509005DF63D /* Info.plist */,
			);
			path = tapper;
			sourceTree = "<group>";
		};
/* End PBXGroup section */

/* Begin PBXNativeTarget section */
		865CE1831CF73509005DF63D /* tapper */ = {
			isa = PBXNativeTarget;
			buildConfigurationList = 865CE1961CF73509005DF63D /* Build configuration list for PBXNativeTarget "tapper" */;
			buildPhases = (
				865CE1801CF73509005DF63D /* Sources */,
				865CE1811CF73509005DF63D /* Frameworks */,
				865CE1821CF73509005DF63D /* Resources */,
			);
			buildRules = (
			);
			dependencies = (
			);
			name = tapper;
			productName = tapper;
			productReference = 865CE1841CF73509005DF63D /* tapper.app */;
			productType = "com.apple.product-type.application";
		};
/* End PBXNativeTarget section */

/* Begin PBXProject section */
		865CE17C1CF73509005DF63D /* Project object */ = {
			isa = PBXProject;
			attributes = {
				LastSwiftUpdateCheck = 0730;
				LastUpgradeCheck = 0730;
				ORGANIZATIONNAME = "Gloria Adams";
				TargetAttributes = {
					865CE1831CF73509005DF63D = {
						CreatedOnToolsVersion = 7.3.1;
					};
				};
			};
			buildConfigurationList = 865CE17F1CF73509005DF63D /* Build configuration list for PBXProject "tapper" */;
			compatibilityVersion = "Xcode 3.2";
			developmentRegion = English;
			hasScannedForEncodings = 0;
			knownRegions = (
				en,
				Base,
			);
			mainGroup = 865CE17B1CF73509005DF63D;
			productRefGroup = 865CE1851CF73509005DF63D /* Products */;
			projectDirPath = "";
			projectRoot = "";
			targets = (
				865CE1831CF73509005DF63D /* tapper */,
			);
		};
/* End PBXProject section */

/* Begin PBXResourcesBuildPhase section */
		865CE1821CF73509005DF63D /* Resources */ = {
			isa = PBXResourcesBuildPhase;
			buildActionMask = 2147483647;
			files = (
				865CE1921CF73509005DF63D /* LaunchScreen.storyboard in Resources */,
				865CE18F1CF73509005DF63D /* Assets.xcassets in Resources */,
				865CE18D1CF73509005DF63D /* Main.storyboard in Resources */,
			);
			runOnlyForDeploymentPostprocessing = 0;
		};
/* End PBXResourcesBuildPhase section */

/* Begin PBXSourcesBuildPhase section */
		865CE1801CF73509005DF63D /* Sources */ = {
			isa = PBXSourcesBuildPhase;
			buildActionMask = 2147483647;
			files = (
				865CE18A1CF73509005DF63D /* ViewController.swift in Sources */,
				865CE1881CF73509005DF63D /* AppDelegate.swift in Sources */,
			);
			runOnlyForDeploymentPostprocessing = 0;
		};
/* End PBXSourcesBuildPhase section */

/* Begin PBXVariantGroup section */
		865CE18B1CF73509005DF63D /* Main.storyboard */ = {
			isa = PBXVariantGroup;
			children = (
				865CE18C1CF73509005DF63D /* Base */,
			);
			name = Main.storyboard;
			sourceTree = "<group>";
		};
		865CE1901CF73509005DF63D /* LaunchScreen.storyboard */ = {
			isa = PBXVariantGroup;
			children = (
				865CE1911CF73509005DF63D /* Base */,
			);
			name = LaunchScreen.storyboard;
			sourceTree = "<group>";
		};
/* End PBXVariantGroup section */

/* Begin XCBuildConfiguration section */
		865CE1941CF73509005DF63D /* Debug */ = {
			isa = XCBuildConfiguration;
			buildSettings = {
				ALWAYS_SEARCH_USER_PATHS = NO;
				CLANG_ANALYZER_NONNULL = YES;
				CLANG_CXX_LANGUAGE_STANDARD = "gnu++0x";
				CLANG_CXX_LIBRARY = "libc++";
				CLANG_ENABLE_MODULES = YES;
				CLANG_ENABLE_OBJC_ARC = YES;
				CLANG_WARN_BOOL_CONVERSION = YES;
				CLANG_WARN_CONSTANT_CONVERSION = YES;
				CLANG_WARN_DIRECT_OBJC_ISA_USAGE = YES_ERROR;
				CLANG_WARN_EMPTY_BODY = YES;
				CLANG_WARN_ENUM_CONVERSION = YES;
				CLANG_WARN_INT_CONVERSION = YES;
				CLANG_WARN_OBJC_ROOT_CLASS = YES_ERROR;
				CLANG_WARN_UNREACHABLE_CODE = YES;
				CLANG_WARN__DUPLICATE_METHOD_MATCH = YES;
				"CODE_SIGN_IDENTITY[sdk=iphoneos*]" = "iPhone Developer";
				COPY_PHASE_STRIP = NO;
				DEBUG_INFORMATION_FORMAT = dwarf;
				ENABLE_STRICT_OBJC_MSGSEND = YES;
				ENABLE_TESTABILITY = YES;
				GCC_C_LANGUAGE_STANDARD = gnu99;
				GCC_DYNAMIC_NO_PIC = NO;
				GCC_NO_COMMON_BLOCKS = YES;
				GCC_OPTIMIZATION_LEVEL = 0;
				GCC_PREPROCESSOR_DEFINITIONS = (
					"DEBUG=1",
					"$(inherited)",
				);
				GCC_WARN_64_TO_32_BIT_CONVERSION = YES;
				GCC_WARN_ABOUT_RETURN_TYPE = YES_ERROR;
				GCC_WARN_UNDECLARED_SELECTOR = YES;
				GCC_WARN_UNINITIALIZED_AUTOS = YES_AGGRESSIVE;
				GCC_WARN_UNUSED_FUNCTION = YES;
				GCC_WARN_UNUSED_VARIABLE = YES;
				IPHONEOS_DEPLOYMENT_TARGET = 9.3;
				MTL_ENABLE_DEBUG_INFO = YES;
				ONLY_ACTIVE_ARCH = YES;
				SDKROOT = iphoneos;
				SWIFT_OPTIMIZATION_LEVEL = "-Onone";
			};
			name = Debug;
		};
		865CE1951CF73509005DF63D /* Release */ = {
			isa = XCBuildConfiguration;
			buildSettings = {
				ALWAYS_SEARCH_USER_PATHS = NO;
				CLANG_ANALYZER_NONNULL = YES;
				CLANG_CXX_LANGUAGE_STANDARD = "gnu++0x";
				CLANG_CXX_LIBRARY = "libc++";
				CLANG_ENABLE_MODULES = YES;
				CLANG_ENABLE_OBJC_ARC = YES;
				CLANG_WARN_BOOL_CONVERSION = YES;
				CLANG_WARN_CONSTANT_CONVERSION = YES;
				CLANG_WARN_DIRECT_OBJC_ISA_USAGE = YES_ERROR;
				CLANG_WARN_EMPTY_BODY = YES;
				CLANG_WARN_ENUM_CONVERSION = YES;
				CLANG_WARN_INT_CONVERSION = YES;
				CLANG_WARN_OBJC_ROOT_CLASS = YES_ERROR;
				CLANG_WARN_UNREACHABLE_CODE = YES;
				CLANG_WARN__DUPLICATE_METHOD_MATCH = YES;
				"CODE_SIGN_IDENTITY[sdk=iphoneos*]" = "iPhone Developer";
				COPY_PHASE_STRIP = NO;
				DEBUG_INFORMATION_FORMAT = "dwarf-with-dsym";
				ENABLE_NS_ASSERTIONS = NO;
				ENABLE_STRICT_OBJC_MSGSEND = YES;
				GCC_C_LANGUAGE_STANDARD = gnu99;
				GCC_NO_COMMON_BLOCKS = YES;
				GCC_WARN_64_TO_32_BIT_CONVERSION = YES;
				GCC_WARN_ABOUT_RETURN_TYPE = YES_ERROR;
				GCC_WARN_UNDECLARED_SELECTOR = YES;
				GCC_WARN_UNINITIALIZED_AUTOS = YES_AGGRESSIVE;
				GCC_WARN_UNUSED_FUNCTION = YES;
				GCC_WARN_UNUSED_VARIABLE = YES;
				IPHONEOS_DEPLOYMENT_TARGET = 9.3;
				MTL_ENABLE_DEBUG_INFO = NO;
				SDKROOT = iphoneos;
				VALIDATE_PRODUCT = YES;
			};
			name = Release;
		};
		865CE1971CF73509005DF63D /* Debug */ = {
			isa = XCBuildConfiguration;
			buildSettings = {
				ASSETCATALOG_COMPILER_APPICON_NAME = AppIcon;
				INFOPLIST_FILE = tapper/Info.plist;
				LD_RUNPATH_SEARCH_PATHS = "$(inherited) @executable_path/Frameworks";
				PRODUCT_BUNDLE_IDENTIFIER = Graphene.tapper;
				PRODUCT_NAME = "$(TARGET_NAME)";
			};
			name = Debug;
		};
		865CE1981CF73509005DF63D /* Release */ = {
			isa = XCBuildConfiguration;
			buildSettings = {
				ASSETCATALOG_COMPILER_APPICON_NAME = AppIcon;
				INFOPLIST_FILE = tapper/Info.plist;
				LD_RUNPATH_SEARCH_PATHS = "$(inherited) @executable_path/Frameworks";
				PRODUCT_BUNDLE_IDENTIFIER = Graphene.tapper;
				PRODUCT_NAME = "$(TARGET_NAME)";
			};
			name = Release;
		};
/* End XCBuildConfiguration section */

/* Begin XCConfigurationList section */
		865CE17F1CF73509005DF63D /* Build configuration list for PBXProject "tapper" */ = {
			isa = XCConfigurationList;
			buildConfigurations = (
				865CE1941CF73509005DF63D /* Debug */,
				865CE1951CF73509005DF63D /* Release */,
			);
			defaultConfigurationIsVisible = 0;
			defaultConfigurationName = Release;
		};
		865CE1961CF73509005DF63D /* Build configuration list for PBXNativeTarget "tapper" */ = {
			isa = XCConfigurationList;
			buildConfigurations = (
				865CE1971CF73509005DF63D /* Debug */,
				865CE1981CF73509005DF63D /* Release */,
			);
			defaultConfigurationIsVisible = 0;
		};
/* End XCConfigurationList section */
	};
	rootObject = 865CE17C1CF73509005DF63D /* Project object */;
}
